
Microsoft Visual Studio Solution File, Format Version 12.00
# Visual Studio Version 17
VisualStudioVersion = 17.2.32616.157
MinimumVisualStudioVersion = 10.0.40219.1
Project("{FAE04EC0-301F-11D3-BF4B-00C04F79EFBC}") = "ReadableDebugDialog", "ReadableDebugDialog\ReadableDebugDialog.csproj", "{912D666A-9478-48A3-AF12-0BAFCA73F72F}"
EndProject
Global
	GlobalSection(SolutionConfigurationPlatforms) = preSolution
		Debug|Any CPU = Debug|Any CPU
		Release|Any CPU = Release|Any CPU
	EndGlobalSection
	GlobalSection(ProjectConfigurationPlatforms) = postSolution
		{912D666A-9478-48A3-AF12-0BAFCA73F72F}.Debug|Any CPU.ActiveCfg = Debug|Any CPU
		{912D666A-9478-48A3-AF12-0BAFCA73F72F}.Debug|Any CPU.Build.0 = Debug|Any CPU
		{912D666A-9478-48A3-AF12-0BAFCA73F72F}.Release|Any CPU.ActiveCfg = Release|Any CPU
		{912D666A-9478-48A3-AF12-0BAFCA73F72F}.Release|Any CPU.Build.0 = Release|Any CPU
	EndGlobalSection
	GlobalSection(SolutionProperties) = preSolution
		HideSolutionNode = FALSE
	EndGlobalSection
	GlobalSection(ExtensibilityGlobals) = postSolution
		SolutionGuid = {D90CABD5-5A88-424C-A894-C903C1D8A069}
	EndGlobalSection
EndGlobal
